Microsoft Visual Studio Solution File, Format Version 12.00
# Visual Studio 2012
Project("{FAE04EC0-301F-11D3-BF4B-00C04F79EFBC}") = "SedapMakan", "SedapMakan\SedapMakan.csproj", "{5D841204-EBC4-4752-9ED8-F71B7094738B}"
EndProject
Global
GlobalSection(SolutionConfigurationPlatforms) = preSolution
Debug|Any CPU = Debug|Any CPU
Release|Any CPU = Release|Any CPU
EndGlobalSection
GlobalSection(ProjectConfigurationPlatforms) = postSolution
{5D841204-EBC4-4752-9ED8-F71B7094738B}.Debug|Any CPU.ActiveCfg = Debug|Any CPU
{5D841204-EBC4-4752-9ED8-F71B7094738B}.Debug|Any CPU.Build.0 = Debug|Any CPU
{5D841204-EBC4-4752-9ED8-F71B7094738B}.Release|Any CPU.ActiveCfg = Release|Any CPU
{5D841204-EBC4-4752-9ED8-F71B7094738B}.Release|Any CPU.Build.0 = Release|Any CPU
EndGlobalSection
EndGlobal
